
Microsoft Visual Studio Solution File, Format Version 12.00
# Visual Studio Version 16
VisualStudioVersion = 16.0.30114.105
MinimumVisualStudioVersion = 10.0.40219.1
Project("{FAE04EC0-301F-11D3-BF4B-00C04F79EFBC}") = "TupleProject", "TupleProject\TupleProject.csproj", "{6C59BC45-0D81-443C-86F3-0FAC81971B74}"
EndProject
Global
	GlobalSection(SolutionConfigurationPlatforms) = preSolution
		Debug|Any CPU = Debug|Any CPU
		Release|Any CPU = Release|Any CPU
	EndGlobalSection
	GlobalSection(ProjectConfigurationPlatforms) = postSolution
		{6C59BC45-0D81-443C-86F3-0FAC81971B74}.Debug|Any CPU.ActiveCfg = Debug|Any CPU
		{6C59BC45-0D81-443C-86F3-0FAC81971B74}.Debug|Any CPU.Build.0 = Debug|Any CPU
		{6C59BC45-0D81-443C-86F3-0FAC81971B74}.Release|Any CPU.ActiveCfg = Release|Any CPU
		{6C59BC45-0D81-443C-86F3-0FAC81971B74}.Release|Any CPU.Build.0 = Release|Any CPU
	EndGlobalSection
	GlobalSection(SolutionProperties) = preSolution
		HideSolutionNode = FALSE
	EndGlobalSection
	GlobalSection(ExtensibilityGlobals) = postSolution
		SolutionGuid = {9AEF7179-0078-43C9-AD24-5C94BF9F0A69}
	EndGlobalSection
EndGlobal
